
Microsoft Visual Studio Solution File, Format Version 12.00
# Visual Studio Version 17
VisualStudioVersion = 17.10.35013.160
MinimumVisualStudioVersion = 10.0.40219.1
Project("{FAE04EC0-301F-11D3-BF4B-00C04F79EFBC}") = "ProjectGal", "ProjectGal.csproj", "{5C31EF22-C817-4E7E-9C6B-6833B6EA02CF}"
EndProject
Global
	GlobalSection(SolutionConfigurationPlatforms) = preSolution
		Debug|Any CPU = Debug|Any CPU
		Release|Any CPU = Release|Any CPU
	EndGlobalSection
	GlobalSection(ProjectConfigurationPlatforms) = postSolution
		{5C31EF22-C817-4E7E-9C6B-6833B6EA02CF}.Debug|Any CPU.ActiveCfg = Debug|Any CPU
		{5C31EF22-C817-4E7E-9C6B-6833B6EA02CF}.Debug|Any CPU.Build.0 = Debug|Any CPU
		{5C31EF22-C817-4E7E-9C6B-6833B6EA02CF}.Release|Any CPU.ActiveCfg = Release|Any CPU
		{5C31EF22-C817-4E7E-9C6B-6833B6EA02CF}.Release|Any CPU.Build.0 = Release|Any CPU
	EndGlobalSection
	GlobalSection(SolutionProperties) = preSolution
		HideSolutionNode = FALSE
	EndGlobalSection
	GlobalSection(ExtensibilityGlobals) = postSolution
		SolutionGuid = {1CB8110B-7B00-497F-8621-CF7940AC8C0F}
	EndGlobalSection
EndGlobal
